// !$*UTF8*$!
{
	archiveVersion = 1;
	classes = {
	};
	objectVersion = 56;
	objects = {

/* Begin PBXBuildFile section */
		AC0BD88A2A4645EE007E0568 /* SwiftfulThinkingContinuedLearningApp.swift in Sources */ = {isa = PBXBuildFile; fileRef = AC0BD8892A4645EE007E0568 /* SwiftfulThinkingContinuedLearningApp.swift */; };
		AC0BD88C2A4645EE007E0568 /* ContentView.swift in Sources */ = {isa = PBXBuildFile; fileRef = AC0BD88B2A4645EE007E0568 /* ContentView.swift */; };
		AC0BD88E2A4645EF007E0568 /* Assets.xcassets in Resources */ = {isa = PBXBuildFile; fileRef = AC0BD88D2A4645EF007E0568 /* Assets.xcassets */; };
		AC0BD8912A4645EF007E0568 /* Preview Assets.xcassets in Resources */ = {isa = PBXBuildFile; fileRef = AC0BD8902A4645EF007E0568 /* Preview Assets.xcassets */; };
		AC0BD8982A464625007E0568 /* LongPressGestureBootcamp.swift in Sources */ = {isa = PBXBuildFile; fileRef = AC0BD8972A464625007E0568 /* LongPressGestureBootcamp.swift */; };
		AC0BD8A42A46FCDB007E0568 /* MagnificationGestureBootcamp.swift in Sources */ = {isa = PBXBuildFile; fileRef = AC0BD8A32A46FCDB007E0568 /* MagnificationGestureBootcamp.swift */; };
		AC0BD8A62A470497007E0568 /* RotationGestureBootcamp.swift in Sources */ = {isa = PBXBuildFile; fileRef = AC0BD8A52A470497007E0568 /* RotationGestureBootcamp.swift */; };
		AC0BD8A82A470990007E0568 /* DragGestureBootcamp.swift in Sources */ = {isa = PBXBuildFile; fileRef = AC0BD8A72A470990007E0568 /* DragGestureBootcamp.swift */; };
		AC0BD8AA2A470FDA007E0568 /* DragGestureBootcamp2.swift in Sources */ = {isa = PBXBuildFile; fileRef = AC0BD8A92A470FDA007E0568 /* DragGestureBootcamp2.swift */; };
		AC0BD8AC2A474847007E0568 /* ScrollViewReaderBootcamp.swift in Sources */ = {isa = PBXBuildFile; fileRef = AC0BD8AB2A474847007E0568 /* ScrollViewReaderBootcamp.swift */; };
		AC0BD8AE2A474DB3007E0568 /* GeometryReaderBootcamp.swift in Sources */ = {isa = PBXBuildFile; fileRef = AC0BD8AD2A474DB3007E0568 /* GeometryReaderBootcamp.swift */; };
		AC0BD8B02A4752F1007E0568 /* MultipleSheetsBootcamp.swift in Sources */ = {isa = PBXBuildFile; fileRef = AC0BD8AF2A4752F1007E0568 /* MultipleSheetsBootcamp.swift */; };
		AC0BD8B22A478A73007E0568 /* MaskBootcamp.swift in Sources */ = {isa = PBXBuildFile; fileRef = AC0BD8B12A478A73007E0568 /* MaskBootcamp.swift */; };
		AC0BD8B42A479F51007E0568 /* SoundsBootcamp.swift in Sources */ = {isa = PBXBuildFile; fileRef = AC0BD8B32A479F50007E0568 /* SoundsBootcamp.swift */; };
		AC0BD8B72A47A219007E0568 /* tada.mp3 in Resources */ = {isa = PBXBuildFile; fileRef = AC0BD8B62A47A219007E0568 /* tada.mp3 */; };
		AC0BD8B92A47A45C007E0568 /* badum.mp3 in Resources */ = {isa = PBXBuildFile; fileRef = AC0BD8B82A47A45C007E0568 /* badum.mp3 */; };
		AC0BD8BB2A47A829007E0568 /* HapticsBootcamp.swift in Sources */ = {isa = PBXBuildFile; fileRef = AC0BD8BA2A47A829007E0568 /* HapticsBootcamp.swift */; };
		AC0BD8BD2A47B0AB007E0568 /* LocalNotificationBootcamp.swift in Sources */ = {isa = PBXBuildFile; fileRef = AC0BD8BC2A47B0AB007E0568 /* LocalNotificationBootcamp.swift */; };
		AC0BD8BF2A47BA7C007E0568 /* HashableBootcamp.swift in Sources */ = {isa = PBXBuildFile; fileRef = AC0BD8BE2A47BA7C007E0568 /* HashableBootcamp.swift */; };
		AC0BD8C12A47C0AB007E0568 /* ArraysBootcamp.swift in Sources */ = {isa = PBXBuildFile; fileRef = AC0BD8C02A47C0AB007E0568 /* ArraysBootcamp.swift */; };
		AC0BD8E22A48D504007E0568 /* CoreDataBootcamp.swift in Sources */ = {isa = PBXBuildFile; fileRef = AC0BD8E12A48D504007E0568 /* CoreDataBootcamp.swift */; };
		AC0BD8E52A48D6A5007E0568 /* FruitsContainer.xcdatamodeld in Sources */ = {isa = PBXBuildFile; fileRef = AC0BD8E32A48D6A5007E0568 /* FruitsContainer.xcdatamodeld */; };
		AC0BD8E72A48E492007E0568 /* CoreDataRelationshipsBootcamp.swift in Sources */ = {isa = PBXBuildFile; fileRef = AC0BD8E62A48E492007E0568 /* CoreDataRelationshipsBootcamp.swift */; };
		AC0BD8EA2A48E8DB007E0568 /* CoreDataContainer.xcdatamodeld in Sources */ = {isa = PBXBuildFile; fileRef = AC0BD8E82A48E8DB007E0568 /* CoreDataContainer.xcdatamodeld */; };
		AC0BD8EC2A498AB6007E0568 /* BackgroundThreadBootcamp.swift in Sources */ = {isa = PBXBuildFile; fileRef = AC0BD8EB2A498AB6007E0568 /* BackgroundThreadBootcamp.swift */; };
		AC0BD8EE2A499344007E0568 /* WeakSelfBootcamp.swift in Sources */ = {isa = PBXBuildFile; fileRef = AC0BD8ED2A499344007E0568 /* WeakSelfBootcamp.swift */; };
/* End PBXBuildFile section */

/* Begin PBXFileReference section */
		AC0BD8862A4645EE007E0568 /* SwiftfulThinkingContinuedLearning.app */ = {isa = PBXFileReference; explicitFileType = wrapper.application; includeInIndex = 0; path = SwiftfulThinkingContinuedLearning.app; sourceTree = BUILT_PRODUCTS_DIR; };
		AC0BD8892A4645EE007E0568 /* SwiftfulThinkingContinuedLearningApp.swift */ = {isa = PBXFileReference; lastKnownFileType = sourcecode.swift; path = SwiftfulThinkingContinuedLearningApp.swift; sourceTree = "<group>"; };
		AC0BD88B2A4645EE007E0568 /* ContentView.swift */ = {isa = PBXFileReference; lastKnownFileType = sourcecode.swift; path = ContentView.swift; sourceTree = "<group>"; };
		AC0BD88D2A4645EF007E0568 /* Assets.xcassets */ = {isa = PBXFileReference; lastKnownFileType = folder.assetcatalog; path = Assets.xcassets; sourceTree = "<group>"; };
		AC0BD8902A4645EF007E0568 /* Preview Assets.xcassets */ = {isa = PBXFileReference; lastKnownFileType = folder.assetcatalog; path = "Preview Assets.xcassets"; sourceTree = "<group>"; };
		AC0BD8972A464625007E0568 /* LongPressGestureBootcamp.swift */ = {isa = PBXFileReference; lastKnownFileType = sourcecode.swift; path = LongPressGestureBootcamp.swift; sourceTree = "<group>"; };
		AC0BD8A32A46FCDB007E0568 /* MagnificationGestureBootcamp.swift */ = {isa = PBXFileReference; lastKnownFileType = sourcecode.swift; path = MagnificationGestureBootcamp.swift; sourceTree = "<group>"; };
		AC0BD8A52A470497007E0568 /* RotationGestureBootcamp.swift */ = {isa = PBXFileReference; lastKnownFileType = sourcecode.swift; path = RotationGestureBootcamp.swift; sourceTree = "<group>"; };
		AC0BD8A72A470990007E0568 /* DragGestureBootcamp.swift */ = {isa = PBXFileReference; lastKnownFileType = sourcecode.swift; path = DragGestureBootcamp.swift; sourceTree = "<group>"; };
		AC0BD8A92A470FDA007E0568 /* DragGestureBootcamp2.swift */ = {isa = PBXFileReference; lastKnownFileType = sourcecode.swift; path = DragGestureBootcamp2.swift; sourceTree = "<group>"; };
		AC0BD8AB2A474847007E0568 /* ScrollViewReaderBootcamp.swift */ = {isa = PBXFileReference; lastKnownFileType = sourcecode.swift; path = ScrollViewReaderBootcamp.swift; sourceTree = "<group>"; };
		AC0BD8AD2A474DB3007E0568 /* GeometryReaderBootcamp.swift */ = {isa = PBXFileReference; lastKnownFileType = sourcecode.swift; path = GeometryReaderBootcamp.swift; sourceTree = "<group>"; };
		AC0BD8AF2A4752F1007E0568 /* MultipleSheetsBootcamp.swift */ = {isa = PBXFileReference; lastKnownFileType = sourcecode.swift; path = MultipleSheetsBootcamp.swift; sourceTree = "<group>"; };
		AC0BD8B12A478A73007E0568 /* MaskBootcamp.swift */ = {isa = PBXFileReference; lastKnownFileType = sourcecode.swift; path = MaskBootcamp.swift; sourceTree = "<group>"; };
		AC0BD8B32A479F50007E0568 /* SoundsBootcamp.swift */ = {isa = PBXFileReference; lastKnownFileType = sourcecode.swift; path = SoundsBootcamp.swift; sourceTree = "<group>"; };
		AC0BD8B62A47A219007E0568 /* tada.mp3 */ = {isa = PBXFileReference; lastKnownFileType = audio.mp3; path = tada.mp3; sourceTree = "<group>"; };
		AC0BD8B82A47A45C007E0568 /* badum.mp3 */ = {isa = PBXFileReference; lastKnownFileType = audio.mp3; path = badum.mp3; sourceTree = "<group>"; };
		AC0BD8BA2A47A829007E0568 /* HapticsBootcamp.swift */ = {isa = PBXFileReference; lastKnownFileType = sourcecode.swift; path = HapticsBootcamp.swift; sourceTree = "<group>"; };
		AC0BD8BC2A47B0AB007E0568 /* LocalNotificationBootcamp.swift */ = {isa = PBXFileReference; lastKnownFileType = sourcecode.swift; path = LocalNotificationBootcamp.swift; sourceTree = "<group>"; };
		AC0BD8BE2A47BA7C007E0568 /* HashableBootcamp.swift */ = {isa = PBXFileReference; lastKnownFileType = sourcecode.swift; path = HashableBootcamp.swift; sourceTree = "<group>"; };
		AC0BD8C02A47C0AB007E0568 /* ArraysBootcamp.swift */ = {isa = PBXFileReference; lastKnownFileType = sourcecode.swift; path = ArraysBootcamp.swift; sourceTree = "<group>"; };
		AC0BD8E12A48D504007E0568 /* CoreDataBootcamp.swift */ = {isa = PBXFileReference; lastKnownFileType = sourcecode.swift; path = CoreDataBootcamp.swift; sourceTree = "<group>"; };
		AC0BD8E42A48D6A5007E0568 /* FruitsContainer.xcdatamodel */ = {isa = PBXFileReference; lastKnownFileType = wrapper.xcdatamodel; path = FruitsContainer.xcdatamodel; sourceTree = "<group>"; };
		AC0BD8E62A48E492007E0568 /* CoreDataRelationshipsBootcamp.swift */ = {isa = PBXFileReference; lastKnownFileType = sourcecode.swift; path = CoreDataRelationshipsBootcamp.swift; sourceTree = "<group>"; };
		AC0BD8E92A48E8DB007E0568 /* CoreDataContainer.xcdatamodel */ = {isa = PBXFileReference; lastKnownFileType = wrapper.xcdatamodel; path = CoreDataContainer.xcdatamodel; sourceTree = "<group>"; };
		AC0BD8EB2A498AB6007E0568 /* BackgroundThreadBootcamp.swift */ = {isa = PBXFileReference; lastKnownFileType = sourcecode.swift; path = BackgroundThreadBootcamp.swift; sourceTree = "<group>"; };
		AC0BD8ED2A499344007E0568 /* WeakSelfBootcamp.swift */ = {isa = PBXFileReference; lastKnownFileType = sourcecode.swift; path = WeakSelfBootcamp.swift; sourceTree = "<group>"; };
/* End PBXFileReference section */

/* Begin PBXFrameworksBuildPhase section */
		AC0BD8832A4645EE007E0568 /* Frameworks */ = {
			isa = PBXFrameworksBuildPhase;
			buildActionMask = 2147483647;
			files = (
			);
			runOnlyForDeploymentPostprocessing = 0;
		};
/* End PBXFrameworksBuildPhase section */

/* Begin PBXGroup section */
		AC0BD87D2A4645EE007E0568 = {
			isa = PBXGroup;
			children = (
				AC0BD8882A4645EE007E0568 /* SwiftfulThinkingContinuedLearning */,
				AC0BD8872A4645EE007E0568 /* Products */,
			);
			sourceTree = "<group>";
		};
		AC0BD8872A4645EE007E0568 /* Products */ = {
			isa = PBXGroup;
			children = (
				AC0BD8862A4645EE007E0568 /* SwiftfulThinkingContinuedLearning.app */,
			);
			name = Products;
			sourceTree = "<group>";
		};
		AC0BD8882A4645EE007E0568 /* SwiftfulThinkingContinuedLearning */ = {
			isa = PBXGroup;
			children = (
				AC0BD8892A4645EE007E0568 /* SwiftfulThinkingContinuedLearningApp.swift */,
				AC0BD88B2A4645EE007E0568 /* ContentView.swift */,
				AC0BD8972A464625007E0568 /* LongPressGestureBootcamp.swift */,
				AC0BD8A32A46FCDB007E0568 /* MagnificationGestureBootcamp.swift */,
				AC0BD8A52A470497007E0568 /* RotationGestureBootcamp.swift */,
				AC0BD8A72A470990007E0568 /* DragGestureBootcamp.swift */,
				AC0BD8A92A470FDA007E0568 /* DragGestureBootcamp2.swift */,
				AC0BD8AB2A474847007E0568 /* ScrollViewReaderBootcamp.swift */,
				AC0BD8AD2A474DB3007E0568 /* GeometryReaderBootcamp.swift */,
				AC0BD8AF2A4752F1007E0568 /* MultipleSheetsBootcamp.swift */,
				AC0BD8B12A478A73007E0568 /* MaskBootcamp.swift */,
				AC0BD8B32A479F50007E0568 /* SoundsBootcamp.swift */,
				AC0BD8BA2A47A829007E0568 /* HapticsBootcamp.swift */,
				AC0BD8BC2A47B0AB007E0568 /* LocalNotificationBootcamp.swift */,
				AC0BD8BE2A47BA7C007E0568 /* HashableBootcamp.swift */,
				AC0BD8C02A47C0AB007E0568 /* ArraysBootcamp.swift */,
				AC0BD8E12A48D504007E0568 /* CoreDataBootcamp.swift */,
				AC0BD8E32A48D6A5007E0568 /* FruitsContainer.xcdatamodeld */,
				AC0BD8E62A48E492007E0568 /* CoreDataRelationshipsBootcamp.swift */,
				AC0BD8E82A48E8DB007E0568 /* CoreDataContainer.xcdatamodeld */,
				AC0BD8EB2A498AB6007E0568 /* BackgroundThreadBootcamp.swift */,
				AC0BD8ED2A499344007E0568 /* WeakSelfBootcamp.swift */,
				AC0BD8B52A47A1FB007E0568 /* Sounds */,
				AC0BD88D2A4645EF007E0568 /* Assets.xcassets */,
				AC0BD88F2A4645EF007E0568 /* Preview Content */,
			);
			path = SwiftfulThinkingContinuedLearning;
			sourceTree = "<group>";
		};
		AC0BD88F2A4645EF007E0568 /* Preview Content */ = {
			isa = PBXGroup;
			children = (
				AC0BD8902A4645EF007E0568 /* Preview Assets.xcassets */,
			);
			path = "Preview Content";
			sourceTree = "<group>";
		};
		AC0BD8B52A47A1FB007E0568 /* Sounds */ = {
			isa = PBXGroup;
			children = (
				AC0BD8B62A47A219007E0568 /* tada.mp3 */,
				AC0BD8B82A47A45C007E0568 /* badum.mp3 */,
			);
			path = Sounds;
			sourceTree = "<group>";
		};
/* End PBXGroup section */

/* Begin PBXNativeTarget section */
		AC0BD8852A4645EE007E0568 /* SwiftfulThinkingContinuedLearning */ = {
			isa = PBXNativeTarget;
			buildConfigurationList = AC0BD8942A4645EF007E0568 /* Build configuration list for PBXNativeTarget "SwiftfulThinkingContinuedLearning" */;
			buildPhases = (
				AC0BD8822A4645EE007E0568 /* Sources */,
				AC0BD8832A4645EE007E0568 /* Frameworks */,
				AC0BD8842A4645EE007E0568 /* Resources */,
			);
			buildRules = (
			);
			dependencies = (
			);
			name = SwiftfulThinkingContinuedLearning;
			productName = SwiftfulThinkingContinuedLearning;
			productReference = AC0BD8862A4645EE007E0568 /* SwiftfulThinkingContinuedLearning.app */;
			productType = "com.apple.product-type.application";
		};
/* End PBXNativeTarget section */

/* Begin PBXProject section */
		AC0BD87E2A4645EE007E0568 /* Project object */ = {
			isa = PBXProject;
			attributes = {
				BuildIndependentTargetsInParallel = 1;
				LastSwiftUpdateCheck = 1420;
				LastUpgradeCheck = 1420;
				TargetAttributes = {
					AC0BD8852A4645EE007E0568 = {
						CreatedOnToolsVersion = 14.2;
					};
				};
			};
			buildConfigurationList = AC0BD8812A4645EE007E0568 /* Build configuration list for PBXProject "SwiftfulThinkingContinuedLearning" */;
			compatibilityVersion = "Xcode 14.0";
			developmentRegion = en;
			hasScannedForEncodings = 0;
			knownRegions = (
				en,
				Base,
			);
			mainGroup = AC0BD87D2A4645EE007E0568;
			productRefGroup = AC0BD8872A4645EE007E0568 /* Products */;
			projectDirPath = "";
			projectRoot = "";
			targets = (
				AC0BD8852A4645EE007E0568 /* SwiftfulThinkingContinuedLearning */,
			);
		};
/* End PBXProject section */

/* Begin PBXResourcesBuildPhase section */
		AC0BD8842A4645EE007E0568 /* Resources */ = {
			isa = PBXResourcesBuildPhase;
			buildActionMask = 2147483647;
			files = (
				AC0BD8912A4645EF007E0568 /* Preview Assets.xcassets in Resources */,
				AC0BD8B72A47A219007E0568 /* tada.mp3 in Resources */,
				AC0BD88E2A4645EF007E0568 /* Assets.xcassets in Resources */,
				AC0BD8B92A47A45C007E0568 /* badum.mp3 in Resources */,
			);
			runOnlyForDeploymentPostprocessing = 0;
		};
/* End PBXResourcesBuildPhase section */

/* Begin PBXSourcesBuildPhase section */
		AC0BD8822A4645EE007E0568 /* Sources */ = {
			isa = PBXSourcesBuildPhase;
			buildActionMask = 2147483647;
			files = (
				AC0BD8E52A48D6A5007E0568 /* FruitsContainer.xcdatamodeld in Sources */,
				AC0BD8B42A479F51007E0568 /* SoundsBootcamp.swift in Sources */,
				AC0BD8AA2A470FDA007E0568 /* DragGestureBootcamp2.swift in Sources */,
				AC0BD8EC2A498AB6007E0568 /* BackgroundThreadBootcamp.swift in Sources */,
				AC0BD8B22A478A73007E0568 /* MaskBootcamp.swift in Sources */,
				AC0BD8E22A48D504007E0568 /* CoreDataBootcamp.swift in Sources */,
				AC0BD8A82A470990007E0568 /* DragGestureBootcamp.swift in Sources */,
				AC0BD88C2A4645EE007E0568 /* ContentView.swift in Sources */,
				AC0BD8BD2A47B0AB007E0568 /* LocalNotificationBootcamp.swift in Sources */,
				AC0BD8EA2A48E8DB007E0568 /* CoreDataContainer.xcdatamodeld in Sources */,
				AC0BD8C12A47C0AB007E0568 /* ArraysBootcamp.swift in Sources */,
				AC0BD8AC2A474847007E0568 /* ScrollViewReaderBootcamp.swift in Sources */,
				AC0BD8B02A4752F1007E0568 /* MultipleSheetsBootcamp.swift in Sources */,
				AC0BD88A2A4645EE007E0568 /* SwiftfulThinkingContinuedLearningApp.swift in Sources */,
				AC0BD8EE2A499344007E0568 /* WeakSelfBootcamp.swift in Sources */,
				AC0BD8A42A46FCDB007E0568 /* MagnificationGestureBootcamp.swift in Sources */,
				AC0BD8AE2A474DB3007E0568 /* GeometryReaderBootcamp.swift in Sources */,
				AC0BD8BB2A47A829007E0568 /* HapticsBootcamp.swift in Sources */,
				AC0BD8BF2A47BA7C007E0568 /* HashableBootcamp.swift in Sources */,
				AC0BD8E72A48E492007E0568 /* CoreDataRelationshipsBootcamp.swift in Sources */,
				AC0BD8982A464625007E0568 /* LongPressGestureBootcamp.swift in Sources */,
				AC0BD8A62A470497007E0568 /* RotationGestureBootcamp.swift in Sources */,
			);
			runOnlyForDeploymentPostprocessing = 0;
		};
/* End PBXSourcesBuildPhase section */

/* Begin XCBuildConfiguration section */
		AC0BD8922A4645EF007E0568 /* Debug */ = {
			isa = XCBuildConfiguration;
			buildSettings = {
				ALWAYS_SEARCH_USER_PATHS = NO;
				CLANG_ANALYZER_NONNULL = YES;
				CLANG_ANALYZER_NUMBER_OBJECT_CONVERSION = YES_AGGRESSIVE;
				CLANG_CXX_LANGUAGE_STANDARD = "gnu++20";
				CLANG_ENABLE_MODULES = YES;
				CLANG_ENABLE_OBJC_ARC = YES;
				CLANG_ENABLE_OBJC_WEAK = YES;
				CLANG_WARN_BLOCK_CAPTURE_AUTORELEASING = YES;
				CLANG_WARN_BOOL_CONVERSION = YES;
				CLANG_WARN_COMMA = YES;
				CLANG_WARN_CONSTANT_CONVERSION = YES;
				CLANG_WARN_DEPRECATED_OBJC_IMPLEMENTATIONS = YES;
				CLANG_WARN_DIRECT_OBJC_ISA_USAGE = YES_ERROR;
				CLANG_WARN_DOCUMENTATION_COMMENTS = YES;
				CLANG_WARN_EMPTY_BODY = YES;
				CLANG_WARN_ENUM_CONVERSION = YES;
				CLANG_WARN_INFINITE_RECURSION = YES;
				CLANG_WARN_INT_CONVERSION = YES;
				CLANG_WARN_NON_LITERAL_NULL_CONVERSION = YES;
				CLANG_WARN_OBJC_IMPLICIT_RETAIN_SELF = YES;
				CLANG_WARN_OBJC_LITERAL_CONVERSION = YES;
				CLANG_WARN_OBJC_ROOT_CLASS = YES_ERROR;
				CLANG_WARN_QUOTED_INCLUDE_IN_FRAMEWORK_HEADER = YES;
				CLANG_WARN_RANGE_LOOP_ANALYSIS = YES;
				CLANG_WARN_STRICT_PROTOTYPES = YES;
				CLANG_WARN_SUSPICIOUS_MOVE = YES;
				CLANG_WARN_UNGUARDED_AVAILABILITY = YES_AGGRESSIVE;
				CLANG_WARN_UNREACHABLE_CODE = YES;
				CLANG_WARN__DUPLICATE_METHOD_MATCH = YES;
				COPY_PHASE_STRIP = NO;
				DEBUG_INFORMATION_FORMAT = dwarf;
				ENABLE_STRICT_OBJC_MSGSEND = YES;
				ENABLE_TESTABILITY = YES;
				GCC_C_LANGUAGE_STANDARD = gnu11;
				GCC_DYNAMIC_NO_PIC = NO;
				GCC_NO_COMMON_BLOCKS = YES;
				GCC_OPTIMIZATION_LEVEL = 0;
				GCC_PREPROCESSOR_DEFINITIONS = (
					"DEBUG=1",
					"$(inherited)",
				);
				GCC_WARN_64_TO_32_BIT_CONVERSION = YES;
				GCC_WARN_ABOUT_RETURN_TYPE = YES_ERROR;
				GCC_WARN_UNDECLARED_SELECTOR = YES;
				GCC_WARN_UNINITIALIZED_AUTOS = YES_AGGRESSIVE;
				GCC_WARN_UNUSED_FUNCTION = YES;
				GCC_WARN_UNUSED_VARIABLE = YES;
				IPHONEOS_DEPLOYMENT_TARGET = 16.2;
				MTL_ENABLE_DEBUG_INFO = INCLUDE_SOURCE;
				MTL_FAST_MATH = YES;
				ONLY_ACTIVE_ARCH = YES;
				SDKROOT = iphoneos;
				SWIFT_ACTIVE_COMPILATION_CONDITIONS = DEBUG;
				SWIFT_OPTIMIZATION_LEVEL = "-Onone";
			};
			name = Debug;
		};
		AC0BD8932A4645EF007E0568 /* Release */ = {
			isa = XCBuildConfiguration;
			buildSettings = {
				ALWAYS_SEARCH_USER_PATHS = NO;
				CLANG_ANALYZER_NONNULL = YES;
				CLANG_ANALYZER_NUMBER_OBJECT_CONVERSION = YES_AGGRESSIVE;
				CLANG_CXX_LANGUAGE_STANDARD = "gnu++20";
				CLANG_ENABLE_MODULES = YES;
				CLANG_ENABLE_OBJC_ARC = YES;
				CLANG_ENABLE_OBJC_WEAK = YES;
				CLANG_WARN_BLOCK_CAPTURE_AUTORELEASING = YES;
				CLANG_WARN_BOOL_CONVERSION = YES;
				CLANG_WARN_COMMA = YES;
				CLANG_WARN_CONSTANT_CONVERSION = YES;
				CLANG_WARN_DEPRECATED_OBJC_IMPLEMENTATIONS = YES;
				CLANG_WARN_DIRECT_OBJC_ISA_USAGE = YES_ERROR;
				CLANG_WARN_DOCUMENTATION_COMMENTS = YES;
				CLANG_WARN_EMPTY_BODY = YES;
				CLANG_WARN_ENUM_CONVERSION = YES;
				CLANG_WARN_INFINITE_RECURSION = YES;
				CLANG_WARN_INT_CONVERSION = YES;
				CLANG_WARN_NON_LITERAL_NULL_CONVERSION = YES;
				CLANG_WARN_OBJC_IMPLICIT_RETAIN_SELF = YES;
				CLANG_WARN_OBJC_LITERAL_CONVERSION = YES;
				CLANG_WARN_OBJC_ROOT_CLASS = YES_ERROR;
				CLANG_WARN_QUOTED_INCLUDE_IN_FRAMEWORK_HEADER = YES;
				CLANG_WARN_RANGE_LOOP_ANALYSIS = YES;
				CLANG_WARN_STRICT_PROTOTYPES = YES;
				CLANG_WARN_SUSPICIOUS_MOVE = YES;
				CLANG_WARN_UNGUARDED_AVAILABILITY = YES_AGGRESSIVE;
				CLANG_WARN_UNREACHABLE_CODE = YES;
				CLANG_WARN__DUPLICATE_METHOD_MATCH = YES;
				COPY_PHASE_STRIP = NO;
				DEBUG_INFORMATION_FORMAT = "dwarf-with-dsym";
				ENABLE_NS_ASSERTIONS = NO;
				ENABLE_STRICT_OBJC_MSGSEND = YES;
				GCC_C_LANGUAGE_STANDARD = gnu11;
				GCC_NO_COMMON_BLOCKS = YES;
				GCC_WARN_64_TO_32_BIT_CONVERSION = YES;
				GCC_WARN_ABOUT_RETURN_TYPE = YES_ERROR;
				GCC_WARN_UNDECLARED_SELECTOR = YES;
				GCC_WARN_UNINITIALIZED_AUTOS = YES_AGGRESSIVE;
				GCC_WARN_UNUSED_FUNCTION = YES;
				GCC_WARN_UNUSED_VARIABLE = YES;
				IPHONEOS_DEPLOYMENT_TARGET = 16.2;
				MTL_ENABLE_DEBUG_INFO = NO;
				MTL_FAST_MATH = YES;
				SDKROOT = iphoneos;
				SWIFT_COMPILATION_MODE = wholemodule;
				SWIFT_OPTIMIZATION_LEVEL = "-O";
				VALIDATE_PRODUCT = YES;
			};
			name = Release;
		};
		AC0BD8952A4645EF007E0568 /* Debug */ = {
			isa = XCBuildConfiguration;
			buildSettings = {
				ASSETCATALOG_COMPILER_APPICON_NAME = AppIcon;
				ASSETCATALOG_COMPILER_GLOBAL_ACCENT_COLOR_NAME = AccentColor;
				CODE_SIGN_STYLE = Automatic;
				CURRENT_PROJECT_VERSION = 1;
				DEVELOPMENT_ASSET_PATHS = "\"SwiftfulThinkingContinuedLearning/Preview Content\"";
				DEVELOPMENT_TEAM = 482344W3R3;
				ENABLE_PREVIEWS = YES;
				GENERATE_INFOPLIST_FILE = YES;
				INFOPLIST_KEY_UIApplicationSceneManifest_Generation = YES;
				INFOPLIST_KEY_UIApplicationSupportsIndirectInputEvents = YES;
				INFOPLIST_KEY_UILaunchScreen_Generation = YES;
				INFOPLIST_KEY_UISupportedInterfaceOrientations_iPad = "UIInterfaceOrientationPortrait UIInterfaceOrientationPortraitUpsideDown UIInterfaceOrientationLandscapeLeft UIInterfaceOrientationLandscapeRight";
				INFOPLIST_KEY_UISupportedInterfaceOrientations_iPhone = "UIInterfaceOrientationPortrait UIInterfaceOrientationLandscapeLeft UIInterfaceOrientationLandscapeRight";
				LD_RUNPATH_SEARCH_PATHS = (
					"$(inherited)",
					"@executable_path/Frameworks",
				);
				MARKETING_VERSION = 1.0;
				PRODUCT_BUNDLE_IDENTIFIER = Artemaj.SwiftfulThinkingContinuedLearning;
				PRODUCT_NAME = "$(TARGET_NAME)";
				SWIFT_EMIT_LOC_STRINGS = YES;
				SWIFT_VERSION = 5.0;
				TARGETED_DEVICE_FAMILY = "1,2";
			};
			name = Debug;
		};
		AC0BD8962A4645EF007E0568 /* Release */ = {
			isa = XCBuildConfiguration;
			buildSettings = {
				ASSETCATALOG_COMPILER_APPICON_NAME = AppIcon;
				ASSETCATALOG_COMPILER_GLOBAL_ACCENT_COLOR_NAME = AccentColor;
				CODE_SIGN_STYLE = Automatic;
				CURRENT_PROJECT_VERSION = 1;
				DEVELOPMENT_ASSET_PATHS = "\"SwiftfulThinkingContinuedLearning/Preview Content\"";
				DEVELOPMENT_TEAM = 482344W3R3;
				ENABLE_PREVIEWS = YES;
				GENERATE_INFOPLIST_FILE = YES;
				INFOPLIST_KEY_UIApplicationSceneManifest_Generation = YES;
				INFOPLIST_KEY_UIApplicationSupportsIndirectInputEvents = YES;
				INFOPLIST_KEY_UILaunchScreen_Generation = YES;
				INFOPLIST_KEY_UISupportedInterfaceOrientations_iPad = "UIInterfaceOrientationPortrait UIInterfaceOrientationPortraitUpsideDown UIInterfaceOrientationLandscapeLeft UIInterfaceOrientationLandscapeRight";
				INFOPLIST_KEY_UISupportedInterfaceOrientations_iPhone = "UIInterfaceOrientationPortrait UIInterfaceOrientationLandscapeLeft UIInterfaceOrientationLandscapeRight";
				LD_RUNPATH_SEARCH_PATHS = (
					"$(inherited)",
					"@executable_path/Frameworks",
				);
				MARKETING_VERSION = 1.0;
				PRODUCT_BUNDLE_IDENTIFIER = Artemaj.SwiftfulThinkingContinuedLearning;
				PRODUCT_NAME = "$(TARGET_NAME)";
				SWIFT_EMIT_LOC_STRINGS = YES;
				SWIFT_VERSION = 5.0;
				TARGETED_DEVICE_FAMILY = "1,2";
			};
			name = Release;
		};
/* End XCBuildConfiguration section */

/* Begin XCConfigurationList section */
		AC0BD8812A4645EE007E0568 /* Build configuration list for PBXProject "SwiftfulThinkingContinuedLearning" */ = {
			isa = XCConfigurationList;
			buildConfigurations = (
				AC0BD8922A4645EF007E0568 /* Debug */,
				AC0BD8932A4645EF007E0568 /* Release */,
			);
			defaultConfigurationIsVisible = 0;
			defaultConfigurationName = Release;
		};
		AC0BD8942A4645EF007E0568 /* Build configuration list for PBXNativeTarget "SwiftfulThinkingContinuedLearning" */ = {
			isa = XCConfigurationList;
			buildConfigurations = (
				AC0BD8952A4645EF007E0568 /* Debug */,
				AC0BD8962A4645EF007E0568 /* Release */,
			);
			defaultConfigurationIsVisible = 0;
			defaultConfigurationName = Release;
		};
/* End XCConfigurationList section */

/* Begin XCVersionGroup section */
		AC0BD8E32A48D6A5007E0568 /* FruitsContainer.xcdatamodeld */ = {
			isa = XCVersionGroup;
			children = (
				AC0BD8E42A48D6A5007E0568 /* FruitsContainer.xcdatamodel */,
			);
			currentVersion = AC0BD8E42A48D6A5007E0568 /* FruitsContainer.xcdatamodel */;
			path = FruitsContainer.xcdatamodeld;
			sourceTree = "<group>";
			versionGroupType = wrapper.xcdatamodel;
		};
		AC0BD8E82A48E8DB007E0568 /* CoreDataContainer.xcdatamodeld */ = {
			isa = XCVersionGroup;
			children = (
				AC0BD8E92A48E8DB007E0568 /* CoreDataContainer.xcdatamodel */,
			);
			currentVersion = AC0BD8E92A48E8DB007E0568 /* CoreDataContainer.xcdatamodel */;
			path = CoreDataContainer.xcdatamodeld;
			sourceTree = "<group>";
			versionGroupType = wrapper.xcdatamodel;
		};
/* End XCVersionGroup section */
	};
	rootObject = AC0BD87E2A4645EE007E0568 /* Project object */;
}
